PODS:
  - app_links (0.0.2):
    - Flutter
  - Auth0 (2.10.0):
    - JWTDecode (= 3.2.0)
    - SimpleKeychain (= 1.2.0)
  - auth0_flutter (1.10.0):
    - Auth0 (= 2.10.0)
    - Flutter
    - FlutterMacOS
    - JWTDecode (= 3.2.0)
    - SimpleKeychain (= 1.2.0)
  - Flutter (1.0.0)
  - image_picker_ios (0.0.1):
    - Flutter
  - JWTDecode (3.2.0)
  - path_provider_foundation (0.0.1):
    - Flutter
    - FlutterMacOS
  - shared_preferences_foundation (0.0.1):
    - Flutter
    - FlutterMacOS
  - SimpleKeychain (1.2.0)
  - url_launcher_ios (0.0.1):
    - Flutter

DEPENDENCIES:
  - app_links (from `.symlinks/plugins/app_links/ios`)
  - auth0_flutter (from `.symlinks/plugins/auth0_flutter/darwin`)
  - Flutter (from `Flutter`)
  - image_picker_ios (from `.symlinks/plugins/image_picker_ios/ios`)
  - path_provider_foundation (from `.symlinks/plugins/path_provider_foundation/darwin`)
  - shared_preferences_foundation (from `.symlinks/plugins/shared_preferences_foundation/darwin`)
  - url_launcher_ios (from `.symlinks/plugins/url_launcher_ios/ios`)

SPEC REPOS:
  trunk:
    - Auth0
    - JWTDecode
    - SimpleKeychain

EXTERNAL SOURCES:
  app_links:
    :path: ".symlinks/plugins/app_links/ios"
  auth0_flutter:
    :path: ".symlinks/plugins/auth0_flutter/darwin"
  Flutter:
    :path: Flutter
  image_picker_ios:
    :path: ".symlinks/plugins/image_picker_ios/ios"
  path_provider_foundation:
    :path: ".symlinks/plugins/path_provider_foundation/darwin"
  shared_preferences_foundation:
    :path: ".symlinks/plugins/shared_preferences_foundation/darwin"
  url_launcher_ios:
    :path: ".symlinks/plugins/url_launcher_ios/ios"

SPEC CHECKSUMS:
  app_links: f3e17e4ee5e357b39d8b95290a9b2c299fca71c6
  Auth0: 2876d0c36857422eda9cb580a6cc896c7d14cb36
  auth0_flutter: 7904e8df70c8f49da06a2ea60655ced731cdedbd
  Flutter: e0871f40cf51350855a761d2e70bf5af5b9b5de7
  image_picker_ios: c560581cceedb403a6ff17f2f816d7fea1421fc1
  JWTDecode: 7dae24cb9bf9b608eae61e5081029ec169bb5527
  path_provider_foundation: 2b6b4c569c0fb62ec74538f866245ac84301af46
  shared_preferences_foundation: fcdcbc04712aee1108ac7fda236f363274528f78
  SimpleKeychain: 768cf43ae778b1c21816e94dddf01bb8ee96a075
  url_launcher_ios: 5334b05cef931de560670eeae103fd3e431ac3fe

PODFILE CHECKSUM: f092ed5561a0e7ae2e3a9b269da3794881dda024

COCOAPODS: 1.16.2
